
Microsoft Visual Studio Solution File, Format Version 12.00
# Visual Studio Version 17
VisualStudioVersion = 17.0.31903.59
MinimumVisualStudioVersion = 10.0.40219.1
Project("{FAE04EC0-301F-11D3-BF4B-00C04F79EFBC}") = "BioTime.Api", "BioTime.Api\BioTime.Api.csproj", "{7C6600EB-1954-492F-A06A-AEAF5356703F}"
EndProject
Project("{FAE04EC0-301F-11D3-BF4B-00C04F79EFBC}") = "BioTime.Data", "BioTime.Data\BioTime.Data.csproj", "{FEE91042-C640-4E60-A937-B1D10D76FC6E}"
EndProject
Global
	GlobalSection(SolutionConfigurationPlatforms) = preSolution
		Debug|Any CPU = Debug|Any CPU
		Debug|x64 = Debug|x64
		Debug|x86 = Debug|x86
		Release|Any CPU = Release|Any CPU
		Release|x64 = Release|x64
		Release|x86 = Release|x86
	EndGlobalSection
	GlobalSection(ProjectConfigurationPlatforms) = postSolution
		{7C6600EB-1954-492F-A06A-AEAF5356703F}.Debug|Any CPU.ActiveCfg = Debug|Any CPU
		{7C6600EB-1954-492F-A06A-AEAF5356703F}.Debug|Any CPU.Build.0 = Debug|Any CPU
		{7C6600EB-1954-492F-A06A-AEAF5356703F}.Debug|x64.ActiveCfg = Debug|Any CPU
		{7C6600EB-1954-492F-A06A-AEAF5356703F}.Debug|x64.Build.0 = Debug|Any CPU
		{7C6600EB-1954-492F-A06A-AEAF5356703F}.Debug|x86.ActiveCfg = Debug|Any CPU
		{7C6600EB-1954-492F-A06A-AEAF5356703F}.Debug|x86.Build.0 = Debug|Any CPU
		{7C6600EB-1954-492F-A06A-AEAF5356703F}.Release|Any CPU.ActiveCfg = Release|Any CPU
		{7C6600EB-1954-492F-A06A-AEAF5356703F}.Release|Any CPU.Build.0 = Release|Any CPU
		{7C6600EB-1954-492F-A06A-AEAF5356703F}.Release|x64.ActiveCfg = Release|Any CPU
		{7C6600EB-1954-492F-A06A-AEAF5356703F}.Release|x64.Build.0 = Release|Any CPU
		{7C6600EB-1954-492F-A06A-AEAF5356703F}.Release|x86.ActiveCfg = Release|Any CPU
		{7C6600EB-1954-492F-A06A-AEAF5356703F}.Release|x86.Build.0 = Release|Any CPU
		{FEE91042-C640-4E60-A937-B1D10D76FC6E}.Debug|Any CPU.ActiveCfg = Debug|Any CPU
		{FEE91042-C640-4E60-A937-B1D10D76FC6E}.Debug|Any CPU.Build.0 = Debug|Any CPU
		{FEE91042-C640-4E60-A937-B1D10D76FC6E}.Debug|x64.ActiveCfg = Debug|Any CPU
		{FEE91042-C640-4E60-A937-B1D10D76FC6E}.Debug|x64.Build.0 = Debug|Any CPU
		{FEE91042-C640-4E60-A937-B1D10D76FC6E}.Debug|x86.ActiveCfg = Debug|Any CPU
		{FEE91042-C640-4E60-A937-B1D10D76FC6E}.Debug|x86.Build.0 = Debug|Any CPU
		{FEE91042-C640-4E60-A937-B1D10D76FC6E}.Release|Any CPU.ActiveCfg = Release|Any CPU
		{FEE91042-C640-4E60-A937-B1D10D76FC6E}.Release|Any CPU.Build.0 = Release|Any CPU
		{FEE91042-C640-4E60-A937-B1D10D76FC6E}.Release|x64.ActiveCfg = Release|Any CPU
		{FEE91042-C640-4E60-A937-B1D10D76FC6E}.Release|x64.Build.0 = Release|Any CPU
		{FEE91042-C640-4E60-A937-B1D10D76FC6E}.Release|x86.ActiveCfg = Release|Any CPU
		{FEE91042-C640-4E60-A937-B1D10D76FC6E}.Release|x86.Build.0 = Release|Any CPU
	EndGlobalSection
	GlobalSection(SolutionProperties) = preSolution
		HideSolutionNode = FALSE
	EndGlobalSection
EndGlobal
